
Microsoft Visual Studio Solution File, Format Version 12.00
# Visual Studio Version 16
VisualStudioVersion = 16.0.32126.315
MinimumVisualStudioVersion = 10.0.40219.1
Project("{FAE04EC0-301F-11D3-BF4B-00C04F79EFBC}") = "WebApplication1", "WebApplication1\WebApplication1.csproj", "{510A3DE8-9F36-4252-A920-76E7AE7DB5E3}"
EndProject
Global
	GlobalSection(SolutionConfigurationPlatforms) = preSolution
		Debug|Any CPU = Debug|Any CPU
		Release|Any CPU = Release|Any CPU
	EndGlobalSection
	GlobalSection(ProjectConfigurationPlatforms) = postSolution
		{510A3DE8-9F36-4252-A920-76E7AE7DB5E3}.Debug|Any CPU.ActiveCfg = Debug|Any CPU
		{510A3DE8-9F36-4252-A920-76E7AE7DB5E3}.Debug|Any CPU.Build.0 = Debug|Any CPU
		{510A3DE8-9F36-4252-A920-76E7AE7DB5E3}.Release|Any CPU.ActiveCfg = Release|Any CPU
		{510A3DE8-9F36-4252-A920-76E7AE7DB5E3}.Release|Any CPU.Build.0 = Release|Any CPU
	EndGlobalSection
	GlobalSection(SolutionProperties) = preSolution
		HideSolutionNode = FALSE
	EndGlobalSection
	GlobalSection(ExtensibilityGlobals) = postSolution
		SolutionGuid = {333BF326-2F77-4A6A-93ED-55C4BF8A2583}
	EndGlobalSection
EndGlobal
